// !$*UTF8*$!
{
	archiveVersion = 1;
	classes = {
	};
	objectVersion = 50;
	objects = {

/* Begin PBXBuildFile section */
		172CE395252CFAA0009AC42D /* AppDelegate.swift in Sources */ = {isa = PBXBuildFile; fileRef = 172CE394252CFAA0009AC42D /* AppDelegate.swift */; };
		172CE3A1252CFAA1009AC42D /* LaunchScreen.storyboard in Resources */ = {isa = PBXBuildFile; fileRef = 172CE39F252CFAA1009AC42D /* LaunchScreen.storyboard */; };
		1730DA61253382190045B9EA /* UIImageView.swift in Sources */ = {isa = PBXBuildFile; fileRef = 17394351252F498F00A7D7BA /* UIImageView.swift */; };
		1730DA622533821B0045B9EA /* UITableViewCell.swift in Sources */ = {isa = PBXBuildFile; fileRef = 1735D0772530EDAC002DE9A0 /* UITableViewCell.swift */; };
		1730DA632533821F0045B9EA /* UIScrollView.swift in Sources */ = {isa = PBXBuildFile; fileRef = 17394357252F610800A7D7BA /* UIScrollView.swift */; };
		1730DA64253382320045B9EA /* AppDelegate.swift in Sources */ = {isa = PBXBuildFile; fileRef = 172CE394252CFAA0009AC42D /* AppDelegate.swift */; };
		1730DA66253382DB0045B9EA /* HomeViewControllerTest.swift in Sources */ = {isa = PBXBuildFile; fileRef = 1730DA65253382DB0045B9EA /* HomeViewControllerTest.swift */; };
		1730DA68253387B20045B9EA /* HomeInteractorTest.swift in Sources */ = {isa = PBXBuildFile; fileRef = 1730DA67253387B20045B9EA /* HomeInteractorTest.swift */; };
		1730DA6B25338F100045B9EA /* Constants.swift in Sources */ = {isa = PBXBuildFile; fileRef = 1730DA6A25338F100045B9EA /* Constants.swift */; };
		1735D0732530B5BB002DE9A0 /* SDWebImage.framework in Frameworks */ = {isa = PBXBuildFile; fileRef = 1739435F2530B40400A7D7BA /* SDWebImage.framework */; };
		1735D0742530B5BB002DE9A0 /* SDWebImage.framework in Embed Frameworks */ = {isa = PBXBuildFile; fileRef = 1739435F2530B40400A7D7BA /* SDWebImage.framework */; settings = {ATTRIBUTES = (RemoveHeadersOnCopy, ); }; };
		1735D0762530EBF3002DE9A0 /* CustomLoader.swift in Sources */ = {isa = PBXBuildFile; fileRef = 1735D0752530EBF3002DE9A0 /* CustomLoader.swift */; };
		1735D0782530EDAC002DE9A0 /* UITableViewCell.swift in Sources */ = {isa = PBXBuildFile; fileRef = 1735D0772530EDAC002DE9A0 /* UITableViewCell.swift */; };
		1735D07B2530EF6B002DE9A0 /* Lottie.framework in Frameworks */ = {isa = PBXBuildFile; fileRef = 1735D0792530EF63002DE9A0 /* Lottie.framework */; };
		1735D07C2530EF6B002DE9A0 /* Lottie.framework in Embed Frameworks */ = {isa = PBXBuildFile; fileRef = 1735D0792530EF63002DE9A0 /* Lottie.framework */; settings = {ATTRIBUTES = (RemoveHeadersOnCopy, ); }; };
		1735D0802530F5CE002DE9A0 /* Assets.xcassets in Resources */ = {isa = PBXBuildFile; fileRef = 1735D07E2530F5CE002DE9A0 /* Assets.xcassets */; };
		1735D0832530FBB7002DE9A0 /* hero-on-the-way.json in Resources */ = {isa = PBXBuildFile; fileRef = 1735D0822530FBB7002DE9A0 /* hero-on-the-way.json */; };
		1735D09225323552002DE9A0 /* MarvelList.xcdatamodeld in Sources */ = {isa = PBXBuildFile; fileRef = 1735D09025323552002DE9A0 /* MarvelList.xcdatamodeld */; };
		1735D09425323596002DE9A0 /* MarvelListDataStorage.swift in Sources */ = {isa = PBXBuildFile; fileRef = 1735D09325323596002DE9A0 /* MarvelListDataStorage.swift */; };
		1735D09B25337A17002DE9A0 /* HomeInteractorMock.swift in Sources */ = {isa = PBXBuildFile; fileRef = 1735D09A25337A17002DE9A0 /* HomeInteractorMock.swift */; };
		1735D09D25337A30002DE9A0 /* HomePresenterMock.swift in Sources */ = {isa = PBXBuildFile; fileRef = 1735D09C25337A30002DE9A0 /* HomePresenterMock.swift */; };
		1735D09F25337A41002DE9A0 /* HomeViewControllerMock.swift in Sources */ = {isa = PBXBuildFile; fileRef = 1735D09E25337A41002DE9A0 /* HomeViewControllerMock.swift */; };
		1735D0A125337A50002DE9A0 /* HomeWorkerMock.swift in Sources */ = {isa = PBXBuildFile; fileRef = 1735D0A025337A50002DE9A0 /* HomeWorkerMock.swift */; };
		1735D0A225337A90002DE9A0 /* HomeFactory.swift in Sources */ = {isa = PBXBuildFile; fileRef = 176E7FC6252CFE74007BDCAD /* HomeFactory.swift */; };
		1735D0A325337A90002DE9A0 /* HomeInteractor.swift in Sources */ = {isa = PBXBuildFile; fileRef = 176E7FC4252CFE67007BDCAD /* HomeInteractor.swift */; };
		1735D0A425337A90002DE9A0 /* HomePresenter.swift in Sources */ = {isa = PBXBuildFile; fileRef = 176E7FBC252CFE2F007BDCAD /* HomePresenter.swift */; };
		1735D0A525337A90002DE9A0 /* HomeRouter.swift in Sources */ = {isa = PBXBuildFile; fileRef = 176E7FB8252CFE11007BDCAD /* HomeRouter.swift */; };
		1735D0A625337A90002DE9A0 /* HomeWorker.swift in Sources */ = {isa = PBXBuildFile; fileRef = 176E7FBA252CFE1D007BDCAD /* HomeWorker.swift */; };
		1735D0A725337A90002DE9A0 /* HomeModels.swift in Sources */ = {isa = PBXBuildFile; fileRef = 176E7FC0252CFE49007BDCAD /* HomeModels.swift */; };
		1735D0A825337A90002DE9A0 /* HomeViewController.swift in Sources */ = {isa = PBXBuildFile; fileRef = 176E7FBE252CFE3C007BDCAD /* HomeViewController.swift */; };
		1735D0A925337A90002DE9A0 /* HomeViewScreen.swift in Sources */ = {isa = PBXBuildFile; fileRef = 1739435D2530A02C00A7D7BA /* HomeViewScreen.swift */; };
		1735D0AA25337A94002DE9A0 /* HomeCarrousselView.swift in Sources */ = {isa = PBXBuildFile; fileRef = 17496D26252DFF4100957667 /* HomeCarrousselView.swift */; };
		1735D0AB25337A94002DE9A0 /* HomeCarrousselItemView.swift in Sources */ = {isa = PBXBuildFile; fileRef = 17496D2A252E017500957667 /* HomeCarrousselItemView.swift */; };
		1735D0AC25337A94002DE9A0 /* HomeTableViewCell.swift in Sources */ = {isa = PBXBuildFile; fileRef = 17394353252F5C3800A7D7BA /* HomeTableViewCell.swift */; };
		1735D0AD25337AA4002DE9A0 /* MarvelList.xcdatamodeld in Sources */ = {isa = PBXBuildFile; fileRef = 1735D09025323552002DE9A0 /* MarvelList.xcdatamodeld */; };
		1735D0AE25337AA7002DE9A0 /* MarvelListDataStorage.swift in Sources */ = {isa = PBXBuildFile; fileRef = 1735D09325323596002DE9A0 /* MarvelListDataStorage.swift */; };
		1735D0AF25337C01002DE9A0 /* NetworkError.swift in Sources */ = {isa = PBXBuildFile; fileRef = 17523A5F252D099B00511B45 /* NetworkError.swift */; };
		1735D0B025337C01002DE9A0 /* NetworkEncription.swift in Sources */ = {isa = PBXBuildFile; fileRef = 17496D23252DF49D00957667 /* NetworkEncription.swift */; };
		1735D0B125337C01002DE9A0 /* NetworkRequest.swift in Sources */ = {isa = PBXBuildFile; fileRef = 17523A63252D0B8800511B45 /* NetworkRequest.swift */; };
		1735D0B225337C01002DE9A0 /* NetworkManager.swift in Sources */ = {isa = PBXBuildFile; fileRef = 17523A61252D09F100511B45 /* NetworkManager.swift */; };
		1735D0B325337C04002DE9A0 /* ViewCodeProtocol.swift in Sources */ = {isa = PBXBuildFile; fileRef = 1739435B253092C700A7D7BA /* ViewCodeProtocol.swift */; };
		1735D0B425337C04002DE9A0 /* CustomLoader.swift in Sources */ = {isa = PBXBuildFile; fileRef = 1735D0752530EBF3002DE9A0 /* CustomLoader.swift */; };
		1735D0B625337EC8002DE9A0 /* HomePresenterTest.swift in Sources */ = {isa = PBXBuildFile; fileRef = 1735D0B525337EC8002DE9A0 /* HomePresenterTest.swift */; };
		17394352252F498F00A7D7BA /* UIImageView.swift in Sources */ = {isa = PBXBuildFile; fileRef = 17394351252F498F00A7D7BA /* UIImageView.swift */; };
		17394354252F5C3800A7D7BA /* HomeTableViewCell.swift in Sources */ = {isa = PBXBuildFile; fileRef = 17394353252F5C3800A7D7BA /* HomeTableViewCell.swift */; };
		17394358252F610800A7D7BA /* UIScrollView.swift in Sources */ = {isa = PBXBuildFile; fileRef = 17394357252F610800A7D7BA /* UIScrollView.swift */; };
		1739435C253092C800A7D7BA /* ViewCodeProtocol.swift in Sources */ = {isa = PBXBuildFile; fileRef = 1739435B253092C700A7D7BA /* ViewCodeProtocol.swift */; };
		1739435E2530A02C00A7D7BA /* HomeViewScreen.swift in Sources */ = {isa = PBXBuildFile; fileRef = 1739435D2530A02C00A7D7BA /* HomeViewScreen.swift */; };
		17496D24252DF49D00957667 /* NetworkEncription.swift in Sources */ = {isa = PBXBuildFile; fileRef = 17496D23252DF49D00957667 /* NetworkEncription.swift */; };
		17496D27252DFF4100957667 /* HomeCarrousselView.swift in Sources */ = {isa = PBXBuildFile; fileRef = 17496D26252DFF4100957667 /* HomeCarrousselView.swift */; };
		17496D2B252E017500957667 /* HomeCarrousselItemView.swift in Sources */ = {isa = PBXBuildFile; fileRef = 17496D2A252E017500957667 /* HomeCarrousselItemView.swift */; };
		17523A60252D099B00511B45 /* NetworkError.swift in Sources */ = {isa = PBXBuildFile; fileRef = 17523A5F252D099B00511B45 /* NetworkError.swift */; };
		17523A62252D09F100511B45 /* NetworkManager.swift in Sources */ = {isa = PBXBuildFile; fileRef = 17523A61252D09F100511B45 /* NetworkManager.swift */; };
		17523A64252D0B8800511B45 /* NetworkRequest.swift in Sources */ = {isa = PBXBuildFile; fileRef = 17523A63252D0B8800511B45 /* NetworkRequest.swift */; };
		176E7FB9252CFE11007BDCAD /* HomeRouter.swift in Sources */ = {isa = PBXBuildFile; fileRef = 176E7FB8252CFE11007BDCAD /* HomeRouter.swift */; };
		176E7FBB252CFE1D007BDCAD /* HomeWorker.swift in Sources */ = {isa = PBXBuildFile; fileRef = 176E7FBA252CFE1D007BDCAD /* HomeWorker.swift */; };
		176E7FBD252CFE2F007BDCAD /* HomePresenter.swift in Sources */ = {isa = PBXBuildFile; fileRef = 176E7FBC252CFE2F007BDCAD /* HomePresenter.swift */; };
		176E7FBF252CFE3C007BDCAD /* HomeViewController.swift in Sources */ = {isa = PBXBuildFile; fileRef = 176E7FBE252CFE3C007BDCAD /* HomeViewController.swift */; };
		176E7FC1252CFE4A007BDCAD /* HomeModels.swift in Sources */ = {isa = PBXBuildFile; fileRef = 176E7FC0252CFE49007BDCAD /* HomeModels.swift */; };
		176E7FC5252CFE67007BDCAD /* HomeInteractor.swift in Sources */ = {isa = PBXBuildFile; fileRef = 176E7FC4252CFE67007BDCAD /* HomeInteractor.swift */; };
		176E7FC7252CFE74007BDCAD /* HomeFactory.swift in Sources */ = {isa = PBXBuildFile; fileRef = 176E7FC6252CFE74007BDCAD /* HomeFactory.swift */; };
		17730771252F40D6000D9E8D /* SnapKit.framework in Frameworks */ = {isa = PBXBuildFile; fileRef = 17496D32252F3DC900957667 /* SnapKit.framework */; };
		17730772252F40DC000D9E8D /* SnapKit.framework in Frameworks */ = {isa = PBXBuildFile; fileRef = 17496D32252F3DC900957667 /* SnapKit.framework */; };
		17730773252F40DC000D9E8D /* SnapKit.framework in Embed Frameworks */ = {isa = PBXBuildFile; fileRef = 17496D32252F3DC900957667 /* SnapKit.framework */; settings = {ATTRIBUTES = (RemoveHeadersOnCopy, ); }; };
/* End PBXBuildFile section */

/* Begin PBXContainerItemProxy section */
		172CE3A8252CFAA2009AC42D /* PBXContainerItemProxy */ = {
			isa = PBXContainerItemProxy;
			containerPortal = 172CE389252CFAA0009AC42D /* Project object */;
			proxyType = 1;
			remoteGlobalIDString = 172CE390252CFAA0009AC42D;
			remoteInfo = MarvelList;
		};
/* End PBXContainerItemProxy section */

/* Begin PBXCopyFilesBuildPhase section */
		17730774252F40DC000D9E8D /* Embed Frameworks */ = {
			isa = PBXCopyFilesBuildPhase;
			buildActionMask = 2147483647;
			dstPath = "";
			dstSubfolderSpec = 10;
			files = (
				1735D0742530B5BB002DE9A0 /* SDWebImage.framework in Embed Frameworks */,
				17730773252F40DC000D9E8D /* SnapKit.framework in Embed Frameworks */,
				1735D07C2530EF6B002DE9A0 /* Lottie.framework in Embed Frameworks */,
			);
			name = "Embed Frameworks";
			runOnlyForDeploymentPostprocessing = 0;
		};
/* End PBXCopyFilesBuildPhase section */

/* Begin PBXFileReference section */
		172CE391252CFAA0009AC42D /* MarvelList.app */ = {isa = PBXFileReference; explicitFileType = wrapper.application; includeInIndex = 0; path = MarvelList.app; sourceTree = BUILT_PRODUCTS_DIR; };
		172CE394252CFAA0009AC42D /* AppDelegate.swift */ = {isa = PBXFileReference; lastKnownFileType = sourcecode.swift; path = AppDelegate.swift; sourceTree = "<group>"; };
		172CE3A0252CFAA1009AC42D /* Base */ = {isa = PBXFileReference; lastKnownFileType = file.storyboard; name = Base; path = Base.lproj/LaunchScreen.storyboard; sourceTree = "<group>"; };
		172CE3A2252CFAA1009AC42D /* Info.plist */ = {isa = PBXFileReference; lastKnownFileType = text.plist.xml; path = Info.plist; sourceTree = "<group>"; };
		172CE3A7252CFAA2009AC42D /* MarvelListTests.xctest */ = {isa = PBXFileReference; explicitFileType = wrapper.cfbundle; includeInIndex = 0; path = MarvelListTests.xctest; sourceTree = BUILT_PRODUCTS_DIR; };
		172CE3AD252CFAA2009AC42D /* Info.plist */ = {isa = PBXFileReference; lastKnownFileType = text.plist.xml; path = Info.plist; sourceTree = "<group>"; };
		1730DA65253382DB0045B9EA /* HomeViewControllerTest.swift */ = {isa = PBXFileReference; lastKnownFileType = sourcecode.swift; path = HomeViewControllerTest.swift; sourceTree = "<group>"; };
		1730DA67253387B20045B9EA /* HomeInteractorTest.swift */ = {isa = PBXFileReference; lastKnownFileType = sourcecode.swift; path = HomeInteractorTest.swift; sourceTree = "<group>"; };
		1730DA6A25338F100045B9EA /* Constants.swift */ = {isa = PBXFileReference; lastKnownFileType = sourcecode.swift; path = Constants.swift; sourceTree = "<group>"; };
		1735D0752530EBF3002DE9A0 /* CustomLoader.swift */ = {isa = PBXFileReference; lastKnownFileType = sourcecode.swift; path = CustomLoader.swift; sourceTree = "<group>"; };
		1735D0772530EDAC002DE9A0 /* UITableViewCell.swift */ = {isa = PBXFileReference; lastKnownFileType = sourcecode.swift; path = UITableViewCell.swift; sourceTree = "<group>"; };
		1735D0792530EF63002DE9A0 /* Lottie.framework */ = {isa = PBXFileReference; lastKnownFileType = wrapper.framework; name = Lottie.framework; path = Carthage/Build/iOS/Lottie.framework; sourceTree = SOURCE_ROOT; };
		1735D07E2530F5CE002DE9A0 /* Assets.xcassets */ = {isa = PBXFileReference; lastKnownFileType = folder.assetcatalog; path = Assets.xcassets; sourceTree = "<group>"; };
		1735D0822530FBB7002DE9A0 /* hero-on-the-way.json */ = {isa = PBXFileReference; fileEncoding = 4; lastKnownFileType = text.json; path = "hero-on-the-way.json"; sourceTree = "<group>"; };
		1735D09125323552002DE9A0 /* MarvelList.xcdatamodel */ = {isa = PBXFileReference; lastKnownFileType = wrapper.xcdatamodel; path = MarvelList.xcdatamodel; sourceTree = "<group>"; };
		1735D09325323596002DE9A0 /* MarvelListDataStorage.swift */ = {isa = PBXFileReference; lastKnownFileType = sourcecode.swift; path = MarvelListDataStorage.swift; sourceTree = "<group>"; };
		1735D09A25337A17002DE9A0 /* HomeInteractorMock.swift */ = {isa = PBXFileReference; lastKnownFileType = sourcecode.swift; path = HomeInteractorMock.swift; sourceTree = "<group>"; };
		1735D09C25337A30002DE9A0 /* HomePresenterMock.swift */ = {isa = PBXFileReference; lastKnownFileType = sourcecode.swift; path = HomePresenterMock.swift; sourceTree = "<group>"; };
		1735D09E25337A41002DE9A0 /* HomeViewControllerMock.swift */ = {isa = PBXFileReference; lastKnownFileType = sourcecode.swift; path = HomeViewControllerMock.swift; sourceTree = "<group>"; };
		1735D0A025337A50002DE9A0 /* HomeWorkerMock.swift */ = {isa = PBXFileReference; lastKnownFileType = sourcecode.swift; path = HomeWorkerMock.swift; sourceTree = "<group>"; };
		1735D0B525337EC8002DE9A0 /* HomePresenterTest.swift */ = {isa = PBXFileReference; lastKnownFileType = sourcecode.swift; path = HomePresenterTest.swift; sourceTree = "<group>"; };
		17394351252F498F00A7D7BA /* UIImageView.swift */ = {isa = PBXFileReference; lastKnownFileType = sourcecode.swift; path = UIImageView.swift; sourceTree = "<group>"; };
		17394353252F5C3800A7D7BA /* HomeTableViewCell.swift */ = {isa = PBXFileReference; lastKnownFileType = sourcecode.swift; path = HomeTableViewCell.swift; sourceTree = "<group>"; };
		17394357252F610800A7D7BA /* UIScrollView.swift */ = {isa = PBXFileReference; lastKnownFileType = sourcecode.swift; path = UIScrollView.swift; sourceTree = "<group>"; };
		1739435B253092C700A7D7BA /* ViewCodeProtocol.swift */ = {isa = PBXFileReference; lastKnownFileType = sourcecode.swift; path = ViewCodeProtocol.swift; sourceTree = "<group>"; };
		1739435D2530A02C00A7D7BA /* HomeViewScreen.swift */ = {isa = PBXFileReference; lastKnownFileType = sourcecode.swift; path = HomeViewScreen.swift; sourceTree = "<group>"; };
		1739435F2530B40400A7D7BA /* SDWebImage.framework */ = {isa = PBXFileReference; lastKnownFileType = wrapper.framework; name = SDWebImage.framework; path = Carthage/Build/iOS/SDWebImage.framework; sourceTree = SOURCE_ROOT; };
		17496D23252DF49D00957667 /* NetworkEncription.swift */ = {isa = PBXFileReference; lastKnownFileType = sourcecode.swift; path = NetworkEncription.swift; sourceTree = "<group>"; };
		17496D26252DFF4100957667 /* HomeCarrousselView.swift */ = {isa = PBXFileReference; lastKnownFileType = sourcecode.swift; path = HomeCarrousselView.swift; sourceTree = "<group>"; };
		17496D2A252E017500957667 /* HomeCarrousselItemView.swift */ = {isa = PBXFileReference; lastKnownFileType = sourcecode.swift; path = HomeCarrousselItemView.swift; sourceTree = "<group>"; };
		17496D32252F3DC900957667 /* SnapKit.framework */ = {isa = PBXFileReference; lastKnownFileType = wrapper.framework; name = SnapKit.framework; path = Carthage/Build/iOS/SnapKit.framework; sourceTree = SOURCE_ROOT; };
		17523A5F252D099B00511B45 /* NetworkError.swift */ = {isa = PBXFileReference; lastKnownFileType = sourcecode.swift; path = NetworkError.swift; sourceTree = "<group>"; };
		17523A61252D09F100511B45 /* NetworkManager.swift */ = {isa = PBXFileReference; lastKnownFileType = sourcecode.swift; path = NetworkManager.swift; sourceTree = "<group>"; };
		17523A63252D0B8800511B45 /* NetworkRequest.swift */ = {isa = PBXFileReference; lastKnownFileType = sourcecode.swift; path = NetworkRequest.swift; sourceTree = "<group>"; };
		176E7FB8252CFE11007BDCAD /* HomeRouter.swift */ = {isa = PBXFileReference; lastKnownFileType = sourcecode.swift; path = HomeRouter.swift; sourceTree = "<group>"; };
		176E7FBA252CFE1D007BDCAD /* HomeWorker.swift */ = {isa = PBXFileReference; lastKnownFileType = sourcecode.swift; path = HomeWorker.swift; sourceTree = "<group>"; };
		176E7FBC252CFE2F007BDCAD /* HomePresenter.swift */ = {isa = PBXFileReference; lastKnownFileType = sourcecode.swift; path = HomePresenter.swift; sourceTree = "<group>"; };
		176E7FBE252CFE3C007BDCAD /* HomeViewController.swift */ = {isa = PBXFileReference; lastKnownFileType = sourcecode.swift; path = HomeViewController.swift; sourceTree = "<group>"; };
		176E7FC0252CFE49007BDCAD /* HomeModels.swift */ = {isa = PBXFileReference; lastKnownFileType = sourcecode.swift; path = HomeModels.swift; sourceTree = "<group>"; };
		176E7FC4252CFE67007BDCAD /* HomeInteractor.swift */ = {isa = PBXFileReference; lastKnownFileType = sourcecode.swift; path = HomeInteractor.swift; sourceTree = "<group>"; };
		176E7FC6252CFE74007BDCAD /* HomeFactory.swift */ = {isa = PBXFileReference; lastKnownFileType = sourcecode.swift; path = HomeFactory.swift; sourceTree = "<group>"; };
/* End PBXFileReference section */

/* Begin PBXFrameworksBuildPhase section */
		172CE38E252CFAA0009AC42D /* Frameworks */ = {
			isa = PBXFrameworksBuildPhase;
			buildActionMask = 2147483647;
			files = (
				1735D0732530B5BB002DE9A0 /* SDWebImage.framework in Frameworks */,
				17730772252F40DC000D9E8D /* SnapKit.framework in Frameworks */,
				1735D07B2530EF6B002DE9A0 /* Lottie.framework in Frameworks */,
			);
			runOnlyForDeploymentPostprocessing = 0;
		};
		172CE3A4252CFAA2009AC42D /* Frameworks */ = {
			isa = PBXFrameworksBuildPhase;
			buildActionMask = 2147483647;
			files = (
				17730771252F40D6000D9E8D /* SnapKit.framework in Frameworks */,
			);
			runOnlyForDeploymentPostprocessing = 0;
		};
/* End PBXFrameworksBuildPhase section */

/* Begin PBXGroup section */
		172CE388252CFAA0009AC42D = {
			isa = PBXGroup;
			children = (
				172CE393252CFAA0009AC42D /* MarvelList */,
				172CE3AA252CFAA2009AC42D /* MarvelListTests */,
				172CE392252CFAA0009AC42D /* Products */,
			);
			sourceTree = "<group>";
		};
		172CE392252CFAA0009AC42D /* Products */ = {
			isa = PBXGroup;
			children = (
				172CE391252CFAA0009AC42D /* MarvelList.app */,
				172CE3A7252CFAA2009AC42D /* MarvelListTests.xctest */,
			);
			name = Products;
			sourceTree = "<group>";
		};
		172CE393252CFAA0009AC42D /* MarvelList */ = {
			isa = PBXGroup;
			children = (
				172CE394252CFAA0009AC42D /* AppDelegate.swift */,
				1735D07D2530F5CE002DE9A0 /* Assets */,
				1730DA6925338EF30045B9EA /* Constants */,
				1735D08C2532352F002DE9A0 /* LocalStorage */,
				17496D31252F3DBE00957667 /* Frameworks */,
				17394350252F496C00A7D7BA /* Extensions */,
				176E7FB6252CFDFC007BDCAD /* Scenes */,
				17523A5E252D097A00511B45 /* Network */,
				17496D2E252E03A200957667 /* Utils */,
				172CE39F252CFAA1009AC42D /* LaunchScreen.storyboard */,
				172CE3A2252CFAA1009AC42D /* Info.plist */,
			);
			path = MarvelList;
			sourceTree = "<group>";
		};
		172CE3AA252CFAA2009AC42D /* MarvelListTests */ = {
			isa = PBXGroup;
			children = (
				1735D095253379DB002DE9A0 /* Home */,
				172CE3AD252CFAA2009AC42D /* Info.plist */,
			);
			path = MarvelListTests;
			sourceTree = "<group>";
		};
		1730DA6925338EF30045B9EA /* Constants */ = {
			isa = PBXGroup;
			children = (
				1730DA6A25338F100045B9EA /* Constants.swift */,
			);
			path = Constants;
			sourceTree = "<group>";
		};
		1735D07D2530F5CE002DE9A0 /* Assets */ = {
			isa = PBXGroup;
			children = (
				1735D0822530FBB7002DE9A0 /* hero-on-the-way.json */,
				1735D07E2530F5CE002DE9A0 /* Assets.xcassets */,
			);
			path = Assets;
			sourceTree = "<group>";
		};
		1735D08C2532352F002DE9A0 /* LocalStorage */ = {
			isa = PBXGroup;
			children = (
				1735D09025323552002DE9A0 /* MarvelList.xcdatamodeld */,
				1735D09325323596002DE9A0 /* MarvelListDataStorage.swift */,
			);
			path = LocalStorage;
			sourceTree = "<group>";
		};
		1735D095253379DB002DE9A0 /* Home */ = {
			isa = PBXGroup;
			children = (
				1735D096253379DB002DE9A0 /* Mock */,
				1735D097253379DB002DE9A0 /* Presenter */,
				1735D098253379DB002DE9A0 /* View */,
				1735D099253379DB002DE9A0 /* Interactor */,
			);
			path = Home;
			sourceTree = "<group>";
		};
		1735D096253379DB002DE9A0 /* Mock */ = {
			isa = PBXGroup;
			children = (
				1735D09A25337A17002DE9A0 /* HomeInteractorMock.swift */,
				1735D09C25337A30002DE9A0 /* HomePresenterMock.swift */,
				1735D09E25337A41002DE9A0 /* HomeViewControllerMock.swift */,
				1735D0A025337A50002DE9A0 /* HomeWorkerMock.swift */,
			);
			path = Mock;
			sourceTree = "<group>";
		};
		1735D097253379DB002DE9A0 /* Presenter */ = {
			isa = PBXGroup;
			children = (
				1735D0B525337EC8002DE9A0 /* HomePresenterTest.swift */,
			);
			path = Presenter;
			sourceTree = "<group>";
		};
		1735D098253379DB002DE9A0 /* View */ = {
			isa = PBXGroup;
			children = (
				1730DA65253382DB0045B9EA /* HomeViewControllerTest.swift */,
			);
			path = View;
			sourceTree = "<group>";
		};
		1735D099253379DB002DE9A0 /* Interactor */ = {
			isa = PBXGroup;
			children = (
				1730DA67253387B20045B9EA /* HomeInteractorTest.swift */,
			);
			path = Interactor;
			sourceTree = "<group>";
		};
		17394350252F496C00A7D7BA /* Extensions */ = {
			isa = PBXGroup;
			children = (
				17394351252F498F00A7D7BA /* UIImageView.swift */,
				1735D0772530EDAC002DE9A0 /* UITableViewCell.swift */,
				17394357252F610800A7D7BA /* UIScrollView.swift */,
			);
			path = Extensions;
			sourceTree = "<group>";
		};
		17496D25252DFECF00957667 /* CustomComponents */ = {
			isa = PBXGroup;
			children = (
				17496D26252DFF4100957667 /* HomeCarrousselView.swift */,
				17496D2A252E017500957667 /* HomeCarrousselItemView.swift */,
				17394353252F5C3800A7D7BA /* HomeTableViewCell.swift */,
			);
			path = CustomComponents;
			sourceTree = "<group>";
		};
		17496D2E252E03A200957667 /* Utils */ = {
			isa = PBXGroup;
			children = (
				1739435B253092C700A7D7BA /* ViewCodeProtocol.swift */,
				1735D0752530EBF3002DE9A0 /* CustomLoader.swift */,
			);
			path = Utils;
			sourceTree = "<group>";
		};
		17496D31252F3DBE00957667 /* Frameworks */ = {
			isa = PBXGroup;
			children = (
				1735D0792530EF63002DE9A0 /* Lottie.framework */,
				1739435F2530B40400A7D7BA /* SDWebImage.framework */,
				17496D32252F3DC900957667 /* SnapKit.framework */,
			);
			path = Frameworks;
			sourceTree = "<group>";
		};
		17523A5E252D097A00511B45 /* Network */ = {
			isa = PBXGroup;
			children = (
				17523A5F252D099B00511B45 /* NetworkError.swift */,
				17496D23252DF49D00957667 /* NetworkEncription.swift */,
				17523A63252D0B8800511B45 /* NetworkRequest.swift */,
				17523A61252D09F100511B45 /* NetworkManager.swift */,
			);
			path = Network;
			sourceTree = "<group>";
		};
		176E7FB6252CFDFC007BDCAD /* Scenes */ = {
			isa = PBXGroup;
			children = (
				176E7FB7252CFDFC007BDCAD /* Home */,
			);
			path = Scenes;
			sourceTree = "<group>";
		};
		176E7FB7252CFDFC007BDCAD /* Home */ = {
			isa = PBXGroup;
			children = (
				17496D25252DFECF00957667 /* CustomComponents */,
				176E7FC6252CFE74007BDCAD /* HomeFactory.swift */,
				176E7FC4252CFE67007BDCAD /* HomeInteractor.swift */,
				176E7FBC252CFE2F007BDCAD /* HomePresenter.swift */,
				176E7FB8252CFE11007BDCAD /* HomeRouter.swift */,
				176E7FBA252CFE1D007BDCAD /* HomeWorker.swift */,
				176E7FC0252CFE49007BDCAD /* HomeModels.swift */,
				176E7FBE252CFE3C007BDCAD /* HomeViewController.swift */,
				1739435D2530A02C00A7D7BA /* HomeViewScreen.swift */,
			);
			path = Home;
			sourceTree = "<group>";
		};
/* End PBXGroup section */

/* Begin PBXNativeTarget section */
		172CE390252CFAA0009AC42D /* MarvelList */ = {
			isa = PBXNativeTarget;
			buildConfigurationList = 172CE3B0252CFAA2009AC42D /* Build configuration list for PBXNativeTarget "MarvelList" */;
			buildPhases = (
				172CE38D252CFAA0009AC42D /* Sources */,
				172CE38E252CFAA0009AC42D /* Frameworks */,
				172CE38F252CFAA0009AC42D /* Resources */,
				17496D34252F3EA400957667 /* ShellScript */,
				17730774252F40DC000D9E8D /* Embed Frameworks */,
			);
			buildRules = (
			);
			dependencies = (
			);
			name = MarvelList;
			productName = MarvelList;
			productReference = 172CE391252CFAA0009AC42D /* MarvelList.app */;
			productType = "com.apple.product-type.application";
		};
		172CE3A6252CFAA2009AC42D /* MarvelListTests */ = {
			isa = PBXNativeTarget;
			buildConfigurationList = 172CE3B3252CFAA2009AC42D /* Build configuration list for PBXNativeTarget "MarvelListTests" */;
			buildPhases = (
				172CE3A3252CFAA2009AC42D /* Sources */,
				172CE3A4252CFAA2009AC42D /* Frameworks */,
				172CE3A5252CFAA2009AC42D /* Resources */,
			);
			buildRules = (
			);
			dependencies = (
				172CE3A9252CFAA2009AC42D /* PBXTargetDependency */,
			);
			name = MarvelListTests;
			productName = MarvelListTests;
			productReference = 172CE3A7252CFAA2009AC42D /* MarvelListTests.xctest */;
			productType = "com.apple.product-type.bundle.unit-test";
		};
/* End PBXNativeTarget section */

/* Begin PBXProject section */
		172CE389252CFAA0009AC42D /* Project object */ = {
			isa = PBXProject;
			attributes = {
				LastSwiftUpdateCheck = 1100;
				LastUpgradeCheck = 1100;
				ORGANIZATIONNAME = "Alexandre Abreu";
				TargetAttributes = {
					172CE390252CFAA0009AC42D = {
						CreatedOnToolsVersion = 11.0;
					};
					172CE3A6252CFAA2009AC42D = {
						CreatedOnToolsVersion = 11.0;
						LastSwiftMigration = 1100;
						TestTargetID = 172CE390252CFAA0009AC42D;
					};
				};
			};
			buildConfigurationList = 172CE38C252CFAA0009AC42D /* Build configuration list for PBXProject "MarvelList" */;
			compatibilityVersion = "Xcode 9.3";
			developmentRegion = en;
			hasScannedForEncodings = 0;
			knownRegions = (
				en,
				Base,
			);
			mainGroup = 172CE388252CFAA0009AC42D;
			productRefGroup = 172CE392252CFAA0009AC42D /* Products */;
			projectDirPath = "";
			projectRoot = "";
			targets = (
				172CE390252CFAA0009AC42D /* MarvelList */,
				172CE3A6252CFAA2009AC42D /* MarvelListTests */,
			);
		};
/* End PBXProject section */

/* Begin PBXResourcesBuildPhase section */
		172CE38F252CFAA0009AC42D /* Resources */ = {
			isa = PBXResourcesBuildPhase;
			buildActionMask = 2147483647;
			files = (
				172CE3A1252CFAA1009AC42D /* LaunchScreen.storyboard in Resources */,
				1735D0802530F5CE002DE9A0 /* Assets.xcassets in Resources */,
				1735D0832530FBB7002DE9A0 /* hero-on-the-way.json in Resources */,
			);
			runOnlyForDeploymentPostprocessing = 0;
		};
		172CE3A5252CFAA2009AC42D /* Resources */ = {
			isa = PBXResourcesBuildPhase;
			buildActionMask = 2147483647;
			files = (
			);
			runOnlyForDeploymentPostprocessing = 0;
		};
/* End PBXResourcesBuildPhase section */

/* Begin PBXShellScriptBuildPhase section */
		17496D34252F3EA400957667 /* ShellScript */ = {
			isa = PBXShellScriptBuildPhase;
			buildActionMask = 2147483647;
			files = (
			);
			inputFileListPaths = (
			);
			inputPaths = (
			);
			outputFileListPaths = (
			);
			outputPaths = (
			);
			runOnlyForDeploymentPostprocessing = 0;
			shellPath = /bin/sh;
			shellScript = "# Type a script or drag a script file from your workspace to insert its path.\n#/usr/local/bin/carthage copy-frameworks\n#$SRCROOT/Carthage/Build/iOS/Snapkit.framework\n";
		};
/* End PBXShellScriptBuildPhase section */

/* Begin PBXSourcesBuildPhase section */
		172CE38D252CFAA0009AC42D /* Sources */ = {
			isa = PBXSourcesBuildPhase;
			buildActionMask = 2147483647;
			files = (
				1739435C253092C800A7D7BA /* ViewCodeProtocol.swift in Sources */,
				176E7FC1252CFE4A007BDCAD /* HomeModels.swift in Sources */,
				176E7FC7252CFE74007BDCAD /* HomeFactory.swift in Sources */,
				176E7FB9252CFE11007BDCAD /* HomeRouter.swift in Sources */,
				17394358252F610800A7D7BA /* UIScrollView.swift in Sources */,
				1735D0782530EDAC002DE9A0 /* UITableViewCell.swift in Sources */,
				1735D0762530EBF3002DE9A0 /* CustomLoader.swift in Sources */,
				176E7FC5252CFE67007BDCAD /* HomeInteractor.swift in Sources */,
				17496D27252DFF4100957667 /* HomeCarrousselView.swift in Sources */,
				1735D09425323596002DE9A0 /* MarvelListDataStorage.swift in Sources */,
				17496D24252DF49D00957667 /* NetworkEncription.swift in Sources */,
				172CE395252CFAA0009AC42D /* AppDelegate.swift in Sources */,
				176E7FBD252CFE2F007BDCAD /* HomePresenter.swift in Sources */,
				1735D09225323552002DE9A0 /* MarvelList.xcdatamodeld in Sources */,
				17394352252F498F00A7D7BA /* UIImageView.swift in Sources */,
				176E7FBB252CFE1D007BDCAD /* HomeWorker.swift in Sources */,
				176E7FBF252CFE3C007BDCAD /* HomeViewController.swift in Sources */,
				17523A60252D099B00511B45 /* NetworkError.swift in Sources */,
				17523A64252D0B8800511B45 /* NetworkRequest.swift in Sources */,
				17496D2B252E017500957667 /* HomeCarrousselItemView.swift in Sources */,
				17394354252F5C3800A7D7BA /* HomeTableViewCell.swift in Sources */,
				17523A62252D09F100511B45 /* NetworkManager.swift in Sources */,
				1739435E2530A02C00A7D7BA /* HomeViewScreen.swift in Sources */,
				1730DA6B25338F100045B9EA /* Constants.swift in Sources */,
			);
			runOnlyForDeploymentPostprocessing = 0;
		};
		172CE3A3252CFAA2009AC42D /* Sources */ = {
			isa = PBXSourcesBuildPhase;
			buildActionMask = 2147483647;
			files = (
				1735D0AA25337A94002DE9A0 /* HomeCarrousselView.swift in Sources */,
				1735D0AE25337AA7002DE9A0 /* MarvelListDataStorage.swift in Sources */,
				1735D0B425337C04002DE9A0 /* CustomLoader.swift in Sources */,
				1735D0B625337EC8002DE9A0 /* HomePresenterTest.swift in Sources */,
				1730DA64253382320045B9EA /* AppDelegate.swift in Sources */,
				1735D0A425337A90002DE9A0 /* HomePresenter.swift in Sources */,
				1735D0B225337C01002DE9A0 /* NetworkManager.swift in Sources */,
				1730DA66253382DB0045B9EA /* HomeViewControllerTest.swift in Sources */,
				1730DA61253382190045B9EA /* UIImageView.swift in Sources */,
				1735D0AD25337AA4002DE9A0 /* MarvelList.xcdatamodeld in Sources */,
				1735D0A625337A90002DE9A0 /* HomeWorker.swift in Sources */,
				1735D0A125337A50002DE9A0 /* HomeWorkerMock.swift in Sources */,
				1735D0A925337A90002DE9A0 /* HomeViewScreen.swift in Sources */,
				1735D0A225337A90002DE9A0 /* HomeFactory.swift in Sources */,
				1735D0AC25337A94002DE9A0 /* HomeTableViewCell.swift in Sources */,
				1730DA68253387B20045B9EA /* HomeInteractorTest.swift in Sources */,
				1735D09B25337A17002DE9A0 /* HomeInteractorMock.swift in Sources */,
				1735D0A325337A90002DE9A0 /* HomeInteractor.swift in Sources */,
				1735D0A725337A90002DE9A0 /* HomeModels.swift in Sources */,
				1735D0A825337A90002DE9A0 /* HomeViewController.swift in Sources */,
				1735D0A525337A90002DE9A0 /* HomeRouter.swift in Sources */,
				1735D0B125337C01002DE9A0 /* NetworkRequest.swift in Sources */,
				1735D09D25337A30002DE9A0 /* HomePresenterMock.swift in Sources */,
				1735D0B325337C04002DE9A0 /* ViewCodeProtocol.swift in Sources */,
				1730DA632533821F0045B9EA /* UIScrollView.swift in Sources */,
				1735D0B025337C01002DE9A0 /* NetworkEncription.swift in Sources */,
				1735D0AF25337C01002DE9A0 /* NetworkError.swift in Sources */,
				1735D09F25337A41002DE9A0 /* HomeViewControllerMock.swift in Sources */,
				1735D0AB25337A94002DE9A0 /* HomeCarrousselItemView.swift in Sources */,
				1730DA622533821B0045B9EA /* UITableViewCell.swift in Sources */,
			);
			runOnlyForDeploymentPostprocessing = 0;
		};
/* End PBXSourcesBuildPhase section */

/* Begin PBXTargetDependency section */
		172CE3A9252CFAA2009AC42D /* PBXTargetDependency */ = {
			isa = PBXTargetDependency;
			target = 172CE390252CFAA0009AC42D /* MarvelList */;
			targetProxy = 172CE3A8252CFAA2009AC42D /* PBXContainerItemProxy */;
		};
/* End PBXTargetDependency section */

/* Begin PBXVariantGroup section */
		172CE39F252CFAA1009AC42D /* LaunchScreen.storyboard */ = {
			isa = PBXVariantGroup;
			children = (
				172CE3A0252CFAA1009AC42D /* Base */,
			);
			name = LaunchScreen.storyboard;
			sourceTree = "<group>";
		};
/* End PBXVariantGroup section */

/* Begin XCBuildConfiguration section */
		172CE3AE252CFAA2009AC42D /* Debug */ = {
			isa = XCBuildConfiguration;
			buildSettings = {
				ALWAYS_SEARCH_USER_PATHS = NO;
				CLANG_ANALYZER_NONNULL = YES;
				CLANG_ANALYZER_NUMBER_OBJECT_CONVERSION = YES_AGGRESSIVE;
				CLANG_CXX_LANGUAGE_STANDARD = "gnu++14";
				CLANG_CXX_LIBRARY = "libc++";
				CLANG_ENABLE_MODULES = YES;
				CLANG_ENABLE_OBJC_ARC = YES;
				CLANG_ENABLE_OBJC_WEAK = YES;
				CLANG_WARN_BLOCK_CAPTURE_AUTORELEASING = YES;
				CLANG_WARN_BOOL_CONVERSION = YES;
				CLANG_WARN_COMMA = YES;
				CLANG_WARN_CONSTANT_CONVERSION = YES;
				CLANG_WARN_DEPRECATED_OBJC_IMPLEMENTATIONS = YES;
				CLANG_WARN_DIRECT_OBJC_ISA_USAGE = YES_ERROR;
				CLANG_WARN_DOCUMENTATION_COMMENTS = YES;
				CLANG_WARN_EMPTY_BODY = YES;
				CLANG_WARN_ENUM_CONVERSION = YES;
				CLANG_WARN_INFINITE_RECURSION = YES;
				CLANG_WARN_INT_CONVERSION = YES;
				CLANG_WARN_NON_LITERAL_NULL_CONVERSION = YES;
				CLANG_WARN_OBJC_IMPLICIT_RETAIN_SELF = YES;
				CLANG_WARN_OBJC_LITERAL_CONVERSION = YES;
				CLANG_WARN_OBJC_ROOT_CLASS = YES_ERROR;
				CLANG_WARN_RANGE_LOOP_ANALYSIS = YES;
				CLANG_WARN_STRICT_PROTOTYPES = YES;
				CLANG_WARN_SUSPICIOUS_MOVE = YES;
				CLANG_WARN_UNGUARDED_AVAILABILITY = YES_AGGRESSIVE;
				CLANG_WARN_UNREACHABLE_CODE = YES;
				CLANG_WARN__DUPLICATE_METHOD_MATCH = YES;
				COPY_PHASE_STRIP = NO;
				DEBUG_INFORMATION_FORMAT = dwarf;
				ENABLE_STRICT_OBJC_MSGSEND = YES;
				ENABLE_TESTABILITY = YES;
				GCC_C_LANGUAGE_STANDARD = gnu11;
				GCC_DYNAMIC_NO_PIC = NO;
				GCC_NO_COMMON_BLOCKS = YES;
				GCC_OPTIMIZATION_LEVEL = 0;
				GCC_PREPROCESSOR_DEFINITIONS = (
					"DEBUG=1",
					"$(inherited)",
				);
				GCC_WARN_64_TO_32_BIT_CONVERSION = YES;
				GCC_WARN_ABOUT_RETURN_TYPE = YES_ERROR;
				GCC_WARN_UNDECLARED_SELECTOR = YES;
				GCC_WARN_UNINITIALIZED_AUTOS = YES_AGGRESSIVE;
				GCC_WARN_UNUSED_FUNCTION = YES;
				GCC_WARN_UNUSED_VARIABLE = YES;
				IPHONEOS_DEPLOYMENT_TARGET = 13.0;
				MTL_ENABLE_DEBUG_INFO = INCLUDE_SOURCE;
				MTL_FAST_MATH = YES;
				ONLY_ACTIVE_ARCH = YES;
				SDKROOT = iphoneos;
				SWIFT_ACTIVE_COMPILATION_CONDITIONS = DEBUG;
				SWIFT_OPTIMIZATION_LEVEL = "-Onone";
			};
			name = Debug;
		};
		172CE3AF252CFAA2009AC42D /* Release */ = {
			isa = XCBuildConfiguration;
			buildSettings = {
				ALWAYS_SEARCH_USER_PATHS = NO;
				CLANG_ANALYZER_NONNULL = YES;
				CLANG_ANALYZER_NUMBER_OBJECT_CONVERSION = YES_AGGRESSIVE;
				CLANG_CXX_LANGUAGE_STANDARD = "gnu++14";
				CLANG_CXX_LIBRARY = "libc++";
				CLANG_ENABLE_MODULES = YES;
				CLANG_ENABLE_OBJC_ARC = YES;
				CLANG_ENABLE_OBJC_WEAK = YES;
				CLANG_WARN_BLOCK_CAPTURE_AUTORELEASING = YES;
				CLANG_WARN_BOOL_CONVERSION = YES;
				CLANG_WARN_COMMA = YES;
				CLANG_WARN_CONSTANT_CONVERSION = YES;
				CLANG_WARN_DEPRECATED_OBJC_IMPLEMENTATIONS = YES;
				CLANG_WARN_DIRECT_OBJC_ISA_USAGE = YES_ERROR;
				CLANG_WARN_DOCUMENTATION_COMMENTS = YES;
				CLANG_WARN_EMPTY_BODY = YES;
				CLANG_WARN_ENUM_CONVERSION = YES;
				CLANG_WARN_INFINITE_RECURSION = YES;
				CLANG_WARN_INT_CONVERSION = YES;
				CLANG_WARN_NON_LITERAL_NULL_CONVERSION = YES;
				CLANG_WARN_OBJC_IMPLICIT_RETAIN_SELF = YES;
				CLANG_WARN_OBJC_LITERAL_CONVERSION = YES;
				CLANG_WARN_OBJC_ROOT_CLASS = YES_ERROR;
				CLANG_WARN_RANGE_LOOP_ANALYSIS = YES;
				CLANG_WARN_STRICT_PROTOTYPES = YES;
				CLANG_WARN_SUSPICIOUS_MOVE = YES;
				CLANG_WARN_UNGUARDED_AVAILABILITY = YES_AGGRESSIVE;
				CLANG_WARN_UNREACHABLE_CODE = YES;
				CLANG_WARN__DUPLICATE_METHOD_MATCH = YES;
				COPY_PHASE_STRIP = NO;
				DEBUG_INFORMATION_FORMAT = "dwarf-with-dsym";
				ENABLE_NS_ASSERTIONS = NO;
				ENABLE_STRICT_OBJC_MSGSEND = YES;
				GCC_C_LANGUAGE_STANDARD = gnu11;
				GCC_NO_COMMON_BLOCKS = YES;
				GCC_WARN_64_TO_32_BIT_CONVERSION = YES;
				GCC_WARN_ABOUT_RETURN_TYPE = YES_ERROR;
				GCC_WARN_UNDECLARED_SELECTOR = YES;
				GCC_WARN_UNINITIALIZED_AUTOS = YES_AGGRESSIVE;
				GCC_WARN_UNUSED_FUNCTION = YES;
				GCC_WARN_UNUSED_VARIABLE = YES;
				IPHONEOS_DEPLOYMENT_TARGET = 13.0;
				MTL_ENABLE_DEBUG_INFO = NO;
				MTL_FAST_MATH = YES;
				SDKROOT = iphoneos;
				SWIFT_COMPILATION_MODE = wholemodule;
				SWIFT_OPTIMIZATION_LEVEL = "-O";
				VALIDATE_PRODUCT = YES;
			};
			name = Release;
		};
		172CE3B1252CFAA2009AC42D /* Debug */ = {
			isa = XCBuildConfiguration;
			buildSettings = {
				ASSETCATALOG_COMPILER_APPICON_NAME = AppIcon;
				CODE_SIGN_STYLE = Automatic;
				FRAMEWORK_SEARCH_PATHS = (
					"$(inherited)",
					"$(PROJECT_DIR)/Carthage/Build/iOS",
				);
				INFOPLIST_FILE = MarvelList/Info.plist;
				IPHONEOS_DEPLOYMENT_TARGET = 11.0;
				LD_RUNPATH_SEARCH_PATHS = (
					"$(inherited)",
					"@executable_path/Frameworks",
				);
				PRODUCT_BUNDLE_IDENTIFIER = br.com.MarvelList;
				PRODUCT_NAME = "$(TARGET_NAME)";
				SWIFT_VERSION = 5.0;
				TARGETED_DEVICE_FAMILY = 1;
			};
			name = Debug;
		};
		172CE3B2252CFAA2009AC42D /* Release */ = {
			isa = XCBuildConfiguration;
			buildSettings = {
				ASSETCATALOG_COMPILER_APPICON_NAME = AppIcon;
				CODE_SIGN_STYLE = Automatic;
				FRAMEWORK_SEARCH_PATHS = (
					"$(inherited)",
					"$(PROJECT_DIR)/Carthage/Build/iOS",
				);
				INFOPLIST_FILE = MarvelList/Info.plist;
				IPHONEOS_DEPLOYMENT_TARGET = 11.0;
				LD_RUNPATH_SEARCH_PATHS = (
					"$(inherited)",
					"@executable_path/Frameworks",
				);
				PRODUCT_BUNDLE_IDENTIFIER = br.com.MarvelList;
				PRODUCT_NAME = "$(TARGET_NAME)";
				SWIFT_VERSION = 5.0;
				TARGETED_DEVICE_FAMILY = 1;
			};
			name = Release;
		};
		172CE3B4252CFAA2009AC42D /* Debug */ = {
			isa = XCBuildConfiguration;
			buildSettings = {
				ALWAYS_EMBED_SWIFT_STANDARD_LIBRARIES = YES;
				BUNDLE_LOADER = "$(TEST_HOST)";
				CLANG_ENABLE_MODULES = YES;
				CODE_SIGN_STYLE = Automatic;
				FRAMEWORK_SEARCH_PATHS = (
					"$(inherited)",
					"$(PROJECT_DIR)/Carthage/Build/iOS",
				);
				INFOPLIST_FILE = MarvelListTests/Info.plist;
				IPHONEOS_DEPLOYMENT_TARGET = 11.1;
				LD_RUNPATH_SEARCH_PATHS = (
					"$(inherited)",
					"@executable_path/Frameworks",
					"@loader_path/Frameworks",
				);
				PRODUCT_BUNDLE_IDENTIFIER = br.com.MarvelListTests;
				PRODUCT_NAME = "$(TARGET_NAME)";
				SWIFT_OPTIMIZATION_LEVEL = "-Onone";
				SWIFT_VERSION = 5.0;
				TARGETED_DEVICE_FAMILY = "1,2";
				TEST_HOST = "$(BUILT_PRODUCTS_DIR)/MarvelList.app/MarvelList";
			};
			name = Debug;
		};
		172CE3B5252CFAA2009AC42D /* Release */ = {
			isa = XCBuildConfiguration;
			buildSettings = {
				ALWAYS_EMBED_SWIFT_STANDARD_LIBRARIES = YES;
				BUNDLE_LOADER = "$(TEST_HOST)";
				CLANG_ENABLE_MODULES = YES;
				CODE_SIGN_STYLE = Automatic;
				FRAMEWORK_SEARCH_PATHS = (
					"$(inherited)",
					"$(PROJECT_DIR)/Carthage/Build/iOS",
				);
				INFOPLIST_FILE = MarvelListTests/Info.plist;
				IPHONEOS_DEPLOYMENT_TARGET = 11.1;
				LD_RUNPATH_SEARCH_PATHS = (
					"$(inherited)",
					"@executable_path/Frameworks",
					"@loader_path/Frameworks",
				);
				PRODUCT_BUNDLE_IDENTIFIER = br.com.MarvelListTests;
				PRODUCT_NAME = "$(TARGET_NAME)";
				SWIFT_VERSION = 5.0;
				TARGETED_DEVICE_FAMILY = "1,2";
				TEST_HOST = "$(BUILT_PRODUCTS_DIR)/MarvelList.app/MarvelList";
			};
			name = Release;
		};
/* End XCBuildConfiguration section */

/* Begin XCConfigurationList section */
		172CE38C252CFAA0009AC42D /* Build configuration list for PBXProject "MarvelList" */ = {
			isa = XCConfigurationList;
			buildConfigurations = (
				172CE3AE252CFAA2009AC42D /* Debug */,
				172CE3AF252CFAA2009AC42D /* Release */,
			);
			defaultConfigurationIsVisible = 0;
			defaultConfigurationName = Release;
		};
		172CE3B0252CFAA2009AC42D /* Build configuration list for PBXNativeTarget "MarvelList" */ = {
			isa = XCConfigurationList;
			buildConfigurations = (
				172CE3B1252CFAA2009AC42D /* Debug */,
				172CE3B2252CFAA2009AC42D /* Release */,
			);
			defaultConfigurationIsVisible = 0;
			defaultConfigurationName = Release;
		};
		172CE3B3252CFAA2009AC42D /* Build configuration list for PBXNativeTarget "MarvelListTests" */ = {
			isa = XCConfigurationList;
			buildConfigurations = (
				172CE3B4252CFAA2009AC42D /* Debug */,
				172CE3B5252CFAA2009AC42D /* Release */,
			);
			defaultConfigurationIsVisible = 0;
			defaultConfigurationName = Release;
		};
/* End XCConfigurationList section */

/* Begin XCVersionGroup section */
		1735D09025323552002DE9A0 /* MarvelList.xcdatamodeld */ = {
			isa = XCVersionGroup;
			children = (
				1735D09125323552002DE9A0 /* MarvelList.xcdatamodel */,
			);
			currentVersion = 1735D09125323552002DE9A0 /* MarvelList.xcdatamodel */;
			path = MarvelList.xcdatamodeld;
			sourceTree = "<group>";
			versionGroupType = wrapper.xcdatamodel;
		};
/* End XCVersionGroup section */
	};
	rootObject = 172CE389252CFAA0009AC42D /* Project object */;
}
